
Microsoft Visual Studio Solution File, Format Version 12.00
# Visual Studio 15
VisualStudioVersion = 15.0.26430.16
MinimumVisualStudioVersion = 10.0.40219.1
Project("{FAE04EC0-301F-11D3-BF4B-00C04F79EFBC}") = "SOGEDU", "SOGEDU\SOGEDU.csproj", "{287A72B2-B309-4A72-A796-EC2792F907C4}"
EndProject
Project("{FAE04EC0-301F-11D3-BF4B-00C04F79EFBC}") = "BusinessLayer", "BusinessLayer\BusinessLayer.csproj", "{3F636A68-7E22-44CD-A544-E6C26F120EAE}"
EndProject
Global
	GlobalSection(SolutionConfigurationPlatforms) = preSolution
		Debug|Any CPU = Debug|Any CPU
		Release|Any CPU = Release|Any CPU
	EndGlobalSection
	GlobalSection(ProjectConfigurationPlatforms) = postSolution
		{287A72B2-B309-4A72-A796-EC2792F907C4}.Debug|Any CPU.ActiveCfg = Debug|Any CPU
		{287A72B2-B309-4A72-A796-EC2792F907C4}.Debug|Any CPU.Build.0 = Debug|Any CPU
		{287A72B2-B309-4A72-A796-EC2792F907C4}.Release|Any CPU.ActiveCfg = Release|Any CPU
		{287A72B2-B309-4A72-A796-EC2792F907C4}.Release|Any CPU.Build.0 = Release|Any CPU
		{3F636A68-7E22-44CD-A544-E6C26F120EAE}.Debug|Any CPU.ActiveCfg = Debug|Any CPU
		{3F636A68-7E22-44CD-A544-E6C26F120EAE}.Debug|Any CPU.Build.0 = Debug|Any CPU
		{3F636A68-7E22-44CD-A544-E6C26F120EAE}.Release|Any CPU.ActiveCfg = Release|Any CPU
		{3F636A68-7E22-44CD-A544-E6C26F120EAE}.Release|Any CPU.Build.0 = Release|Any CPU
	EndGlobalSection
	GlobalSection(SolutionProperties) = preSolution
		HideSolutionNode = FALSE
	EndGlobalSection
EndGlobal
